
Microsoft Visual Studio Solution File, Format Version 12.00
# Visual Studio Version 17
VisualStudioVersion = 17.7.34031.279
MinimumVisualStudioVersion = 10.0.40219.1
Project("{9A19103F-16F7-4668-BE54-9A1E7A4F7556}") = "Bespeak.Web", "Bespeak.Web\Bespeak.Web.csproj", "{AE4DBCCF-26C8-4947-9218-581264FABBB9}"
EndProject
Project("{9A19103F-16F7-4668-BE54-9A1E7A4F7556}") = "Bespeak.Entity", "Bespeak.Entity\Bespeak.Entity.csproj", "{AB0DD1BE-328E-4550-A083-1B99F5F5D730}"
EndProject
Project("{9A19103F-16F7-4668-BE54-9A1E7A4F7556}") = "Bespeak.DataAccess", "Bespeak.DataAccess\Bespeak.DataAccess.csproj", "{E51484A3-D51A-4E8D-95AD-DB39FAE347BE}"
EndProject
Project("{9A19103F-16F7-4668-BE54-9A1E7A4F7556}") = "Bespeak.Constants", "Bespeak.Constants\Bespeak.Constants.csproj", "{3D4C4122-70D9-486E-9255-8B777F39E097}"
EndProject
Project("{FAE04EC0-301F-11D3-BF4B-00C04F79EFBC}") = "Bespeak.ExtensionMethod", "Bespeak.ExtensionMethod\Bespeak.ExtensionMethod.csproj", "{1ED5D7F0-D1E8-4846-B518-3258025C0FB2}"
EndProject
Global
	GlobalSection(SolutionConfigurationPlatforms) = preSolution
		Debug|Any CPU = Debug|Any CPU
		Release|Any CPU = Release|Any CPU
	EndGlobalSection
	GlobalSection(ProjectConfigurationPlatforms) = postSolution
		{AE4DBCCF-26C8-4947-9218-581264FABBB9}.Debug|Any CPU.ActiveCfg = Debug|Any CPU
		{AE4DBCCF-26C8-4947-9218-581264FABBB9}.Debug|Any CPU.Build.0 = Debug|Any CPU
		{AE4DBCCF-26C8-4947-9218-581264FABBB9}.Release|Any CPU.ActiveCfg = Release|Any CPU
		{AE4DBCCF-26C8-4947-9218-581264FABBB9}.Release|Any CPU.Build.0 = Release|Any CPU
		{AB0DD1BE-328E-4550-A083-1B99F5F5D730}.Debug|Any CPU.ActiveCfg = Debug|Any CPU
		{AB0DD1BE-328E-4550-A083-1B99F5F5D730}.Debug|Any CPU.Build.0 = Debug|Any CPU
		{AB0DD1BE-328E-4550-A083-1B99F5F5D730}.Release|Any CPU.ActiveCfg = Release|Any CPU
		{AB0DD1BE-328E-4550-A083-1B99F5F5D730}.Release|Any CPU.Build.0 = Release|Any CPU
		{E51484A3-D51A-4E8D-95AD-DB39FAE347BE}.Debug|Any CPU.ActiveCfg = Debug|Any CPU
		{E51484A3-D51A-4E8D-95AD-DB39FAE347BE}.Debug|Any CPU.Build.0 = Debug|Any CPU
		{E51484A3-D51A-4E8D-95AD-DB39FAE347BE}.Release|Any CPU.ActiveCfg = Release|Any CPU
		{E51484A3-D51A-4E8D-95AD-DB39FAE347BE}.Release|Any CPU.Build.0 = Release|Any CPU
		{3D4C4122-70D9-486E-9255-8B777F39E097}.Debug|Any CPU.ActiveCfg = Debug|Any CPU
		{3D4C4122-70D9-486E-9255-8B777F39E097}.Debug|Any CPU.Build.0 = Debug|Any CPU
		{3D4C4122-70D9-486E-9255-8B777F39E097}.Release|Any CPU.ActiveCfg = Release|Any CPU
		{3D4C4122-70D9-486E-9255-8B777F39E097}.Release|Any CPU.Build.0 = Release|Any CPU
		{1ED5D7F0-D1E8-4846-B518-3258025C0FB2}.Debug|Any CPU.ActiveCfg = Debug|Any CPU
		{1ED5D7F0-D1E8-4846-B518-3258025C0FB2}.Debug|Any CPU.Build.0 = Debug|Any CPU
		{1ED5D7F0-D1E8-4846-B518-3258025C0FB2}.Release|Any CPU.ActiveCfg = Release|Any CPU
		{1ED5D7F0-D1E8-4846-B518-3258025C0FB2}.Release|Any CPU.Build.0 = Release|Any CPU
	EndGlobalSection
	GlobalSection(SolutionProperties) = preSolution
		HideSolutionNode = FALSE
	EndGlobalSection
	GlobalSection(ExtensibilityGlobals) = postSolution
		SolutionGuid = {48A4683E-E1BC-4603-9A93-D19B7538235F}
	EndGlobalSection
EndGlobal
